
Microsoft Visual Studio Solution File, Format Version 12.00
# Visual Studio Version 17
VisualStudioVersion = 17.7.34018.315
MinimumVisualStudioVersion = 10.0.40219.1
Project("{8BC9CEB8-8B4A-11D0-8D11-00A0C91BC942}") = "Lab2-bisectLine", "Lab2-bisectLine\Lab2-bisectLine.vcxproj", "{ADE6C090-9982-41F7-8EEC-4734BF56AF59}"
EndProject
Global
	GlobalSection(SolutionConfigurationPlatforms) = preSolution
		Debug|x64 = Debug|x64
		Debug|x86 = Debug|x86
		Release|x64 = Release|x64
		Release|x86 = Release|x86
	EndGlobalSection
	GlobalSection(ProjectConfigurationPlatforms) = postSolution
		{ADE6C090-9982-41F7-8EEC-4734BF56AF59}.Debug|x64.ActiveCfg = Debug|x64
		{ADE6C090-9982-41F7-8EEC-4734BF56AF59}.Debug|x64.Build.0 = Debug|x64
		{ADE6C090-9982-41F7-8EEC-4734BF56AF59}.Debug|x86.ActiveCfg = Debug|Win32
		{ADE6C090-9982-41F7-8EEC-4734BF56AF59}.Debug|x86.Build.0 = Debug|Win32
		{ADE6C090-9982-41F7-8EEC-4734BF56AF59}.Release|x64.ActiveCfg = Release|x64
		{ADE6C090-9982-41F7-8EEC-4734BF56AF59}.Release|x64.Build.0 = Release|x64
		{ADE6C090-9982-41F7-8EEC-4734BF56AF59}.Release|x86.ActiveCfg = Release|Win32
		{ADE6C090-9982-41F7-8EEC-4734BF56AF59}.Release|x86.Build.0 = Release|Win32
	EndGlobalSection
	GlobalSection(SolutionProperties) = preSolution
		HideSolutionNode = FALSE
	EndGlobalSection
	GlobalSection(ExtensibilityGlobals) = postSolution
		SolutionGuid = {86DDAFA6-F325-482D-BE0C-5FEC07FF285A}
	EndGlobalSection
EndGlobal
